Microsoft Visual Studio Solution File, Format Version 12.00
# Visual Studio 15
VisualStudioVersion = 15.0.27130.2003
MinimumVisualStudioVersion = 10.0.40219.1
Project("{FAE04EC0-301F-11D3-BF4B-00C04F79EFBC}") = "CLAIM", "CLAIM\CLAIM.csproj", "{4F952065-19A6-4F8C-81E9-34611130564D}"
EndProject
Project("{FAE04EC0-301F-11D3-BF4B-00C04F79EFBC}") = "CLAIM.Tests", "CLAIM.Tests\CLAIM.Tests.csproj", "{D92D52F3-E76A-4A6A-8723-AF463CE29BA1}"
EndProject
Global
	GlobalSection(SolutionConfigurationPlatforms) = preSolution
		Debug|Any CPU = Debug|Any CPU
		Release|Any CPU = Release|Any CPU
	EndGlobalSection
	GlobalSection(ProjectConfigurationPlatforms) = postSolution
		{4F952065-19A6-4F8C-81E9-34611130564D}.Debug|Any CPU.ActiveCfg = Debug|Any CPU
		{4F952065-19A6-4F8C-81E9-34611130564D}.Debug|Any CPU.Build.0 = Debug|Any CPU
		{4F952065-19A6-4F8C-81E9-34611130564D}.Release|Any CPU.ActiveCfg = Release|Any CPU
		{4F952065-19A6-4F8C-81E9-34611130564D}.Release|Any CPU.Build.0 = Release|Any CPU
		{D92D52F3-E76A-4A6A-8723-AF463CE29BA1}.Debug|Any CPU.ActiveCfg = Debug|Any CPU
		{D92D52F3-E76A-4A6A-8723-AF463CE29BA1}.Debug|Any CPU.Build.0 = Debug|Any CPU
		{D92D52F3-E76A-4A6A-8723-AF463CE29BA1}.Release|Any CPU.ActiveCfg = Release|Any CPU
		{D92D52F3-E76A-4A6A-8723-AF463CE29BA1}.Release|Any CPU.Build.0 = Release|Any CPU
	EndGlobalSection
	GlobalSection(SolutionProperties) = preSolution
		HideSolutionNode = FALSE
	EndGlobalSection
	GlobalSection(ExtensibilityGlobals) = postSolution
		SolutionGuid = {E63CF47F-0627-4585-ADE9-E12607FDC02D}
	EndGlobalSection
EndGlobal
